
Microsoft Visual Studio Solution File, Format Version 12.00
Project("{FAE04EC0-301F-11D3-BF4B-00C04F79EFBC}") = "Homework", "Homework\Homework.csproj", "{C6BEAB29-4720-4CD2-B425-921B3358026A}"
EndProject
Global
	GlobalSection(SolutionConfigurationPlatforms) = preSolution
		Debug|Any CPU = Debug|Any CPU
		Release|Any CPU = Release|Any CPU
	EndGlobalSection
	GlobalSection(ProjectConfigurationPlatforms) = postSolution
		{C6BEAB29-4720-4CD2-B425-921B3358026A}.Debug|Any CPU.ActiveCfg = Debug|Any CPU
		{C6BEAB29-4720-4CD2-B425-921B3358026A}.Debug|Any CPU.Build.0 = Debug|Any CPU
		{C6BEAB29-4720-4CD2-B425-921B3358026A}.Release|Any CPU.ActiveCfg = Release|Any CPU
		{C6BEAB29-4720-4CD2-B425-921B3358026A}.Release|Any CPU.Build.0 = Release|Any CPU
	EndGlobalSection
EndGlobal
